
Microsoft Visual Studio Solution File, Format Version 12.00
# Visual Studio Version 17
VisualStudioVersion = 17.8.34330.188
MinimumVisualStudioVersion = 10.0.40219.1
Project("{FAE04EC0-301F-11D3-BF4B-00C04F79EFBC}") = "sales_management_app.Server", "sales_management_app.Server\sales_management_app.Server.csproj", "{D277E3D4-9D66-4B85-8EF2-1D8932481198}"
EndProject
Project("{54A90642-561A-4BB1-A94E-469ADEE60C69}") = "sales_management_app.client", "sales_management_app.client\sales_management_app.client.esproj", "{72253F38-8AFE-43FC-94B3-9A211E4AC8CD}"
EndProject
Global
	GlobalSection(SolutionConfigurationPlatforms) = preSolution
		Debug|Any CPU = Debug|Any CPU
		Release|Any CPU = Release|Any CPU
	EndGlobalSection
	GlobalSection(ProjectConfigurationPlatforms) = postSolution
		{D277E3D4-9D66-4B85-8EF2-1D8932481198}.Debug|Any CPU.ActiveCfg = Debug|Any CPU
		{D277E3D4-9D66-4B85-8EF2-1D8932481198}.Debug|Any CPU.Build.0 = Debug|Any CPU
		{D277E3D4-9D66-4B85-8EF2-1D8932481198}.Release|Any CPU.ActiveCfg = Release|Any CPU
		{D277E3D4-9D66-4B85-8EF2-1D8932481198}.Release|Any CPU.Build.0 = Release|Any CPU
		{72253F38-8AFE-43FC-94B3-9A211E4AC8CD}.Debug|Any CPU.ActiveCfg = Debug|Any CPU
		{72253F38-8AFE-43FC-94B3-9A211E4AC8CD}.Debug|Any CPU.Build.0 = Debug|Any CPU
		{72253F38-8AFE-43FC-94B3-9A211E4AC8CD}.Debug|Any CPU.Deploy.0 = Debug|Any CPU
		{72253F38-8AFE-43FC-94B3-9A211E4AC8CD}.Release|Any CPU.ActiveCfg = Release|Any CPU
		{72253F38-8AFE-43FC-94B3-9A211E4AC8CD}.Release|Any CPU.Build.0 = Release|Any CPU
		{72253F38-8AFE-43FC-94B3-9A211E4AC8CD}.Release|Any CPU.Deploy.0 = Release|Any CPU
	EndGlobalSection
	GlobalSection(SolutionProperties) = preSolution
		HideSolutionNode = FALSE
	EndGlobalSection
	GlobalSection(ExtensibilityGlobals) = postSolution
		SolutionGuid = {AE82FC6F-E4BC-48C6-B26A-2B7F14E937BB}
	EndGlobalSection
EndGlobal
